
Microsoft Visual Studio Solution File, Format Version 12.00
# Visual Studio Version 17
VisualStudioVersion = 17.12.35323.107
MinimumVisualStudioVersion = 10.0.40219.1
Project("{FAE04EC0-301F-11D3-BF4B-00C04F79EFBC}") = "ExerciseModule.Tests", "ExerciseModule.Tests\ExerciseModule.Tests.csproj", "{8A2514F0-C29F-47C7-AE08-37468D1B66C6}"
EndProject
Global
	GlobalSection(SolutionConfigurationPlatforms) = preSolution
		Debug|Any CPU = Debug|Any CPU
		Release|Any CPU = Release|Any CPU
	EndGlobalSection
	GlobalSection(ProjectConfigurationPlatforms) = postSolution
		{8A2514F0-C29F-47C7-AE08-37468D1B66C6}.Debug|Any CPU.ActiveCfg = Debug|Any CPU
		{8A2514F0-C29F-47C7-AE08-37468D1B66C6}.Debug|Any CPU.Build.0 = Debug|Any CPU
		{8A2514F0-C29F-47C7-AE08-37468D1B66C6}.Release|Any CPU.ActiveCfg = Release|Any CPU
		{8A2514F0-C29F-47C7-AE08-37468D1B66C6}.Release|Any CPU.Build.0 = Release|Any CPU
	EndGlobalSection
	GlobalSection(SolutionProperties) = preSolution
		HideSolutionNode = FALSE
	EndGlobalSection
	GlobalSection(ExtensibilityGlobals) = postSolution
		SolutionGuid = {4B5272AF-DB9C-4A8A-AE17-7491C2CD37D2}
	EndGlobalSection
EndGlobal
