
Microsoft Visual Studio Solution File, Format Version 12.00
# Visual Studio Version 18
VisualStudioVersion = 18.5.11716.220
MinimumVisualStudioVersion = 10.0.40219.1
Project("{FAE04EC0-301F-11D3-BF4B-00C04F79EFBC}") = "Assign", "Assign\Assign.csproj", "{6375CED7-562D-49EB-ABEC-6F10D6E78DB7}"
EndProject
Project("{FAE04EC0-301F-11D3-BF4B-00C04F79EFBC}") = "Shared", "Shared\Shared.csproj", "{19EB672F-B155-47A8-B3CC-CF10DF429B56}"
EndProject
Project("{2150E333-8FDC-42A3-9474-1A3956D46DE8}") = "Exercise-Module", "Exercise-Module", "{07F0B92F-33CD-4914-A337-ADEC6A617A48}"
EndProject
Project("{FAE04EC0-301F-11D3-BF4B-00C04F79EFBC}") = "Exercise-Domain", "Exercise-Domain\Exercise-Domain.csproj", "{CABDAA71-0D29-4494-A78D-C1564AA059CD}"
EndProject
Project("{FAE04EC0-301F-11D3-BF4B-00C04F79EFBC}") = "Exercise-Infrastructure", "Exercise-Infrastructure\Exercise-Infrastructure.csproj", "{384C12B6-5BBE-4E76-BCB5-AED193E62124}"
EndProject
Project("{FAE04EC0-301F-11D3-BF4B-00C04F79EFBC}") = "Exercise-Application", "Exercise-Application\Exercise-Application.csproj", "{57E1F4E4-DE96-437A-90C6-515F8E0B9360}"
EndProject
Project("{FAE04EC0-301F-11D3-BF4B-00C04F79EFBC}") = "Exercise-Tests", "Exercise-Tests\Exercise-Tests.csproj", "{1D50401F-CA0F-4955-9365-D68882CCA9C2}"
EndProject
Project("{2150E333-8FDC-42A3-9474-1A3956D46DE8}") = "Assignment-Module", "Assignment-Module", "{02EA681E-C7D8-13C7-8484-4AC65E1B71E8}"
EndProject
Project("{FAE04EC0-301F-11D3-BF4B-00C04F79EFBC}") = "Assignment-Application", "Assignment-Application\Assignment-Application.csproj", "{A1FEE51E-ECB9-4B10-B536-9CD5B3CBA4DD}"
EndProject
Project("{FAE04EC0-301F-11D3-BF4B-00C04F79EFBC}") = "Assignment-Domain", "Assignment-Domain\Assignment-Domain.csproj", "{AD1069DC-7297-45AF-B858-5587FD3FD5B2}"
EndProject
Project("{FAE04EC0-301F-11D3-BF4B-00C04F79EFBC}") = "Assignment-Infrastructure", "Assignment-Infrastructure\Assignment-Infrastructure.csproj", "{2425B6B8-CDE1-45AE-82B6-13C245A0551F}"
EndProject
Project("{FAE04EC0-301F-11D3-BF4B-00C04F79EFBC}") = "Assignment-Tests", "Assignment-Tests\Assignment-Tests.csproj", "{2B055335-004F-426E-8C4F-606111CB8A13}"
EndProject
Project("{2150E333-8FDC-42A3-9474-1A3956D46DE8}") = "Course-Module", "Course-Module", "{3FBA0677-4B31-4473-AB09-D76BCC52D51A}"
EndProject
Project("{FAE04EC0-301F-11D3-BF4B-00C04F79EFBC}") = "Course-Api", "Course-Api\Course-Api.csproj", "{35F9A732-1EA3-44C1-B8B3-C46484DE38C1}"
EndProject
Project("{FAE04EC0-301F-11D3-BF4B-00C04F79EFBC}") = "Course-Application", "Course-Application\Course-Application.csproj", "{472AE886-2960-4827-8D14-2656DB28138D}"
EndProject
Project("{FAE04EC0-301F-11D3-BF4B-00C04F79EFBC}") = "Course-Domain", "Course-Domain\Course-Domain.csproj", "{184F99E9-F89D-479B-ABDD-48CEEB6F5D62}"
EndProject
Project("{FAE04EC0-301F-11D3-BF4B-00C04F79EFBC}") = "Course-Infrastructure", "Course-Infrastructure\Course-Infrastructure.csproj", "{B03CD1D6-B89F-442D-81AF-853933198793}"
EndProject
Project("{FAE04EC0-301F-11D3-BF4B-00C04F79EFBC}") = "Course-Tests", "Course-Tests\Course-Tests.csproj", "{BD260D6E-8087-46EB-943D-D6F46BBB9783}"
EndProject
Project("{FAE04EC0-301F-11D3-BF4B-00C04F79EFBC}") = "Assignment-Api", "Assignment-Api\Assignment-Api.csproj", "{04062916-318E-445F-9984-E4924B484C7D}"
EndProject
Project("{FAE04EC0-301F-11D3-BF4B-00C04F79EFBC}") = "Exercise-Api", "Exercise-Api\Exercise-Api.csproj", "{04FB7B0F-0863-CCA2-C7DE-7C304216E2E2}"
EndProject
Project("{FAE04EC0-301F-11D3-BF4B-00C04F79EFBC}") = "Assignment-AcceptanceTests", "Assignment-AcceptanceTests\Assignment-AcceptanceTests.csproj", "{BCAF80BD-C89F-4CFB-9A5B-708C32C0FD83}"
EndProject
Project("{2150E333-8FDC-42A3-9474-1A3956D46DE8}") = "Frontend", "Frontend", "{D1F2A3B4-5C6E-4789-90AB-CDEF12345678}"
EndProject
Project("{FAE04EC0-301F-11D3-BF4B-00C04F79EFBC}") = "Assign.Web.Teacher", "Assign.Web.Teacher\Assign.Web.Teacher.csproj", "{61DFDFBB-5FEC-41A6-98C8-94F639183914}"
EndProject
Project("{FAE04EC0-301F-11D3-BF4B-00C04F79EFBC}") = "Assign.Web.Student", "Assign.Web.Student\Assign.Web.Student.csproj", "{EFAB12D2-BD68-464B-AF7A-D616EBCFB1FD}"
EndProject
Project("{2150E333-8FDC-42A3-9474-1A3956D46DE8}") = "Solution Items", "Solution Items", "{577C443B-1107-480A-AEB0-60421ED11F44}"
	ProjectSection(SolutionItems) = preProject
		C:\Users\Niklas\Downloads\docker\.dockerignore = C:\Users\Niklas\Downloads\docker\.dockerignore
		.editorconfig = .editorconfig
		C:\Users\Niklas\Downloads\docker\.env = C:\Users\Niklas\Downloads\docker\.env
		C:\Users\Niklas\Downloads\docker\docker-compose.yml = C:\Users\Niklas\Downloads\docker\docker-compose.yml
	EndProjectSection
EndProject
Global
	GlobalSection(SolutionConfigurationPlatforms) = preSolution
		Debug|Any CPU = Debug|Any CPU
		Release|Any CPU = Release|Any CPU
	EndGlobalSection
	GlobalSection(ProjectConfigurationPlatforms) = postSolution
		{6375CED7-562D-49EB-ABEC-6F10D6E78DB7}.Debug|Any CPU.ActiveCfg = Debug|Any CPU
		{6375CED7-562D-49EB-ABEC-6F10D6E78DB7}.Debug|Any CPU.Build.0 = Debug|Any CPU
		{6375CED7-562D-49EB-ABEC-6F10D6E78DB7}.Release|Any CPU.ActiveCfg = Release|Any CPU
		{6375CED7-562D-49EB-ABEC-6F10D6E78DB7}.Release|Any CPU.Build.0 = Release|Any CPU
		{19EB672F-B155-47A8-B3CC-CF10DF429B56}.Debug|Any CPU.ActiveCfg = Debug|Any CPU
		{19EB672F-B155-47A8-B3CC-CF10DF429B56}.Debug|Any CPU.Build.0 = Debug|Any CPU
		{19EB672F-B155-47A8-B3CC-CF10DF429B56}.Release|Any CPU.ActiveCfg = Release|Any CPU
		{19EB672F-B155-47A8-B3CC-CF10DF429B56}.Release|Any CPU.Build.0 = Release|Any CPU
		{CABDAA71-0D29-4494-A78D-C1564AA059CD}.Debug|Any CPU.ActiveCfg = Debug|Any CPU
		{CABDAA71-0D29-4494-A78D-C1564AA059CD}.Debug|Any CPU.Build.0 = Debug|Any CPU
		{CABDAA71-0D29-4494-A78D-C1564AA059CD}.Release|Any CPU.ActiveCfg = Release|Any CPU
		{CABDAA71-0D29-4494-A78D-C1564AA059CD}.Release|Any CPU.Build.0 = Release|Any CPU
		{384C12B6-5BBE-4E76-BCB5-AED193E62124}.Debug|Any CPU.ActiveCfg = Debug|Any CPU
		{384C12B6-5BBE-4E76-BCB5-AED193E62124}.Debug|Any CPU.Build.0 = Debug|Any CPU
		{384C12B6-5BBE-4E76-BCB5-AED193E62124}.Release|Any CPU.ActiveCfg = Release|Any CPU
		{384C12B6-5BBE-4E76-BCB5-AED193E62124}.Release|Any CPU.Build.0 = Release|Any CPU
		{57E1F4E4-DE96-437A-90C6-515F8E0B9360}.Debug|Any CPU.ActiveCfg = Debug|Any CPU
		{57E1F4E4-DE96-437A-90C6-515F8E0B9360}.Debug|Any CPU.Build.0 = Debug|Any CPU
		{57E1F4E4-DE96-437A-90C6-515F8E0B9360}.Release|Any CPU.ActiveCfg = Release|Any CPU
		{57E1F4E4-DE96-437A-90C6-515F8E0B9360}.Release|Any CPU.Build.0 = Release|Any CPU
		{1D50401F-CA0F-4955-9365-D68882CCA9C2}.Debug|Any CPU.ActiveCfg = Debug|Any CPU
		{1D50401F-CA0F-4955-9365-D68882CCA9C2}.Debug|Any CPU.Build.0 = Debug|Any CPU
		{1D50401F-CA0F-4955-9365-D68882CCA9C2}.Release|Any CPU.ActiveCfg = Release|Any CPU
		{1D50401F-CA0F-4955-9365-D68882CCA9C2}.Release|Any CPU.Build.0 = Release|Any CPU
		{A1FEE51E-ECB9-4B10-B536-9CD5B3CBA4DD}.Debug|Any CPU.ActiveCfg = Debug|Any CPU
		{A1FEE51E-ECB9-4B10-B536-9CD5B3CBA4DD}.Debug|Any CPU.Build.0 = Debug|Any CPU
		{A1FEE51E-ECB9-4B10-B536-9CD5B3CBA4DD}.Release|Any CPU.ActiveCfg = Release|Any CPU
		{A1FEE51E-ECB9-4B10-B536-9CD5B3CBA4DD}.Release|Any CPU.Build.0 = Release|Any CPU
		{AD1069DC-7297-45AF-B858-5587FD3FD5B2}.Debug|Any CPU.ActiveCfg = Debug|Any CPU
		{AD1069DC-7297-45AF-B858-5587FD3FD5B2}.Debug|Any CPU.Build.0 = Debug|Any CPU
		{AD1069DC-7297-45AF-B858-5587FD3FD5B2}.Release|Any CPU.ActiveCfg = Release|Any CPU
		{AD1069DC-7297-45AF-B858-5587FD3FD5B2}.Release|Any CPU.Build.0 = Release|Any CPU
		{2425B6B8-CDE1-45AE-82B6-13C245A0551F}.Debug|Any CPU.ActiveCfg = Debug|Any CPU
		{2425B6B8-CDE1-45AE-82B6-13C245A0551F}.Debug|Any CPU.Build.0 = Debug|Any CPU
		{2425B6B8-CDE1-45AE-82B6-13C245A0551F}.Release|Any CPU.ActiveCfg = Release|Any CPU
		{2425B6B8-CDE1-45AE-82B6-13C245A0551F}.Release|Any CPU.Build.0 = Release|Any CPU
		{2B055335-004F-426E-8C4F-606111CB8A13}.Debug|Any CPU.ActiveCfg = Debug|Any CPU
		{2B055335-004F-426E-8C4F-606111CB8A13}.Debug|Any CPU.Build.0 = Debug|Any CPU
		{2B055335-004F-426E-8C4F-606111CB8A13}.Release|Any CPU.ActiveCfg = Release|Any CPU
		{2B055335-004F-426E-8C4F-606111CB8A13}.Release|Any CPU.Build.0 = Release|Any CPU
		{35F9A732-1EA3-44C1-B8B3-C46484DE38C1}.Debug|Any CPU.ActiveCfg = Debug|Any CPU
		{35F9A732-1EA3-44C1-B8B3-C46484DE38C1}.Debug|Any CPU.Build.0 = Debug|Any CPU
		{35F9A732-1EA3-44C1-B8B3-C46484DE38C1}.Release|Any CPU.ActiveCfg = Release|Any CPU
		{35F9A732-1EA3-44C1-B8B3-C46484DE38C1}.Release|Any CPU.Build.0 = Release|Any CPU
		{472AE886-2960-4827-8D14-2656DB28138D}.Debug|Any CPU.ActiveCfg = Debug|Any CPU
		{472AE886-2960-4827-8D14-2656DB28138D}.Debug|Any CPU.Build.0 = Debug|Any CPU
		{472AE886-2960-4827-8D14-2656DB28138D}.Release|Any CPU.ActiveCfg = Release|Any CPU
		{472AE886-2960-4827-8D14-2656DB28138D}.Release|Any CPU.Build.0 = Release|Any CPU
		{184F99E9-F89D-479B-ABDD-48CEEB6F5D62}.Debug|Any CPU.ActiveCfg = Debug|Any CPU
		{184F99E9-F89D-479B-ABDD-48CEEB6F5D62}.Debug|Any CPU.Build.0 = Debug|Any CPU
		{184F99E9-F89D-479B-ABDD-48CEEB6F5D62}.Release|Any CPU.ActiveCfg = Release|Any CPU
		{184F99E9-F89D-479B-ABDD-48CEEB6F5D62}.Release|Any CPU.Build.0 = Release|Any CPU
		{B03CD1D6-B89F-442D-81AF-853933198793}.Debug|Any CPU.ActiveCfg = Debug|Any CPU
		{B03CD1D6-B89F-442D-81AF-853933198793}.Debug|Any CPU.Build.0 = Debug|Any CPU
		{B03CD1D6-B89F-442D-81AF-853933198793}.Release|Any CPU.ActiveCfg = Release|Any CPU
		{B03CD1D6-B89F-442D-81AF-853933198793}.Release|Any CPU.Build.0 = Release|Any CPU
		{BD260D6E-8087-46EB-943D-D6F46BBB9783}.Debug|Any CPU.ActiveCfg = Debug|Any CPU
		{BD260D6E-8087-46EB-943D-D6F46BBB9783}.Debug|Any CPU.Build.0 = Debug|Any CPU
		{BD260D6E-8087-46EB-943D-D6F46BBB9783}.Release|Any CPU.ActiveCfg = Release|Any CPU
		{BD260D6E-8087-46EB-943D-D6F46BBB9783}.Release|Any CPU.Build.0 = Release|Any CPU
		{04062916-318E-445F-9984-E4924B484C7D}.Debug|Any CPU.ActiveCfg = Debug|Any CPU
		{04062916-318E-445F-9984-E4924B484C7D}.Debug|Any CPU.Build.0 = Debug|Any CPU
		{04062916-318E-445F-9984-E4924B484C7D}.Release|Any CPU.ActiveCfg = Release|Any CPU
		{04062916-318E-445F-9984-E4924B484C7D}.Release|Any CPU.Build.0 = Release|Any CPU
		{04FB7B0F-0863-CCA2-C7DE-7C304216E2E2}.Debug|Any CPU.ActiveCfg = Debug|Any CPU
		{04FB7B0F-0863-CCA2-C7DE-7C304216E2E2}.Debug|Any CPU.Build.0 = Debug|Any CPU
		{04FB7B0F-0863-CCA2-C7DE-7C304216E2E2}.Release|Any CPU.ActiveCfg = Release|Any CPU
		{04FB7B0F-0863-CCA2-C7DE-7C304216E2E2}.Release|Any CPU.Build.0 = Release|Any CPU
		{BCAF80BD-C89F-4CFB-9A5B-708C32C0FD83}.Debug|Any CPU.ActiveCfg = Debug|Any CPU
		{BCAF80BD-C89F-4CFB-9A5B-708C32C0FD83}.Debug|Any CPU.Build.0 = Debug|Any CPU
		{BCAF80BD-C89F-4CFB-9A5B-708C32C0FD83}.Release|Any CPU.ActiveCfg = Release|Any CPU
		{BCAF80BD-C89F-4CFB-9A5B-708C32C0FD83}.Release|Any CPU.Build.0 = Release|Any CPU
		{61DFDFBB-5FEC-41A6-98C8-94F639183914}.Debug|Any CPU.ActiveCfg = Debug|Any CPU
		{61DFDFBB-5FEC-41A6-98C8-94F639183914}.Debug|Any CPU.Build.0 = Debug|Any CPU
		{61DFDFBB-5FEC-41A6-98C8-94F639183914}.Release|Any CPU.ActiveCfg = Release|Any CPU
		{61DFDFBB-5FEC-41A6-98C8-94F639183914}.Release|Any CPU.Build.0 = Release|Any CPU
		{EFAB12D2-BD68-464B-AF7A-D616EBCFB1FD}.Debug|Any CPU.ActiveCfg = Debug|Any CPU
		{EFAB12D2-BD68-464B-AF7A-D616EBCFB1FD}.Debug|Any CPU.Build.0 = Debug|Any CPU
		{EFAB12D2-BD68-464B-AF7A-D616EBCFB1FD}.Release|Any CPU.ActiveCfg = Release|Any CPU
		{EFAB12D2-BD68-464B-AF7A-D616EBCFB1FD}.Release|Any CPU.Build.0 = Release|Any CPU
	EndGlobalSection
	GlobalSection(SolutionProperties) = preSolution
		HideSolutionNode = FALSE
	EndGlobalSection
	GlobalSection(NestedProjects) = preSolution
		{CABDAA71-0D29-4494-A78D-C1564AA059CD} = {07F0B92F-33CD-4914-A337-ADEC6A617A48}
		{384C12B6-5BBE-4E76-BCB5-AED193E62124} = {07F0B92F-33CD-4914-A337-ADEC6A617A48}
		{57E1F4E4-DE96-437A-90C6-515F8E0B9360} = {07F0B92F-33CD-4914-A337-ADEC6A617A48}
		{1D50401F-CA0F-4955-9365-D68882CCA9C2} = {07F0B92F-33CD-4914-A337-ADEC6A617A48}
		{A1FEE51E-ECB9-4B10-B536-9CD5B3CBA4DD} = {02EA681E-C7D8-13C7-8484-4AC65E1B71E8}
		{AD1069DC-7297-45AF-B858-5587FD3FD5B2} = {02EA681E-C7D8-13C7-8484-4AC65E1B71E8}
		{2425B6B8-CDE1-45AE-82B6-13C245A0551F} = {02EA681E-C7D8-13C7-8484-4AC65E1B71E8}
		{2B055335-004F-426E-8C4F-606111CB8A13} = {02EA681E-C7D8-13C7-8484-4AC65E1B71E8}
		{35F9A732-1EA3-44C1-B8B3-C46484DE38C1} = {3FBA0677-4B31-4473-AB09-D76BCC52D51A}
		{472AE886-2960-4827-8D14-2656DB28138D} = {3FBA0677-4B31-4473-AB09-D76BCC52D51A}
		{184F99E9-F89D-479B-ABDD-48CEEB6F5D62} = {3FBA0677-4B31-4473-AB09-D76BCC52D51A}
		{B03CD1D6-B89F-442D-81AF-853933198793} = {3FBA0677-4B31-4473-AB09-D76BCC52D51A}
		{BD260D6E-8087-46EB-943D-D6F46BBB9783} = {3FBA0677-4B31-4473-AB09-D76BCC52D51A}
		{04062916-318E-445F-9984-E4924B484C7D} = {02EA681E-C7D8-13C7-8484-4AC65E1B71E8}
		{04FB7B0F-0863-CCA2-C7DE-7C304216E2E2} = {07F0B92F-33CD-4914-A337-ADEC6A617A48}
		{BCAF80BD-C89F-4CFB-9A5B-708C32C0FD83} = {02EA681E-C7D8-13C7-8484-4AC65E1B71E8}
		{61DFDFBB-5FEC-41A6-98C8-94F639183914} = {D1F2A3B4-5C6E-4789-90AB-CDEF12345678}
		{EFAB12D2-BD68-464B-AF7A-D616EBCFB1FD} = {D1F2A3B4-5C6E-4789-90AB-CDEF12345678}
	EndGlobalSection
	GlobalSection(ExtensibilityGlobals) = postSolution
		SolutionGuid = {2BA985F8-1D3A-4042-8F3A-A4541ED867C8}
	EndGlobalSection
EndGlobal
